
Microsoft Visual Studio Solution File, Format Version 12.00
# Visual Studio 15
VisualStudioVersion = 15.0.27102.0
MinimumVisualStudioVersion = 10.0.40219.1
Project("{9A19103F-16F7-4668-BE54-9A1E7A4F7556}") = "CoreConsoleApp", "CoreConsoleApp\CoreConsoleApp\CoreConsoleApp.csproj", "{CF28110A-EF13-494A-829D-3699C8DE4602}"
EndProject
Project("{FAE04EC0-301F-11D3-BF4B-00C04F79EFBC}") = "Net461FrameworkClassLibrary", "Net461FrameworkClassLibrary\Net461FrameworkClassLibrary.csproj", "{879FB14E-EB40-463D-A0E3-5690091FC2F2}"
EndProject
Project("{FAE04EC0-301F-11D3-BF4B-00C04F79EFBC}") = "Net461FrameworkWinForms", "Net461FrameworkWinForms\Net461FrameworkWinForms.csproj", "{F2617DC4-BC8D-40B2-B1FA-8689B5FDFC72}"
EndProject
Project("{FAE04EC0-301F-11D3-BF4B-00C04F79EFBC}") = "Net461FrameworkConsole", "Net461FrameworkConsole\Net461FrameworkConsole.csproj", "{9B94F219-248E-47AE-A3F9-25F7E447C4AB}"
EndProject
Project("{9A19103F-16F7-4668-BE54-9A1E7A4F7556}") = "NetStandardClassLib", "NetStandardClassLib\NetStandardClassLib.csproj", "{8AA73417-8973-4881-94F7-C4B6528DE8C2}"
EndProject
Project("{FAE04EC0-301F-11D3-BF4B-00C04F79EFBC}") = "WpfApp", "WpfApp\WpfApp.csproj", "{21E36981-7D59-4D39-93C0-CF35B69BC4A3}"
EndProject
Project("{9A19103F-16F7-4668-BE54-9A1E7A4F7556}") = "CoreClassLib", "NetCoreClassLib\CoreClassLib.csproj", "{7A6FA5D0-E680-4A75-996F-1041A9549081}"
EndProject
Project("{FAE04EC0-301F-11D3-BF4B-00C04F79EFBC}") = "PCL", "PCL\PCL.csproj", "{7C83A361-0123-4BEC-9744-0B6057DD1B33}"
EndProject
Project("{FAE04EC0-301F-11D3-BF4B-00C04F79EFBC}") = "MultiTargetingClassLib", "MultiTargetingClassLib\MultiTargetingClassLib.csproj", "{F11A7E31-7B31-41D9-8E28-8BB319393B06}"
EndProject
Project("{FAE04EC0-301F-11D3-BF4B-00C04F79EFBC}") = "UWP", "UWP\UWP.csproj", "{24202DFE-23F6-4DB7-89FB-08E8C713D297}"
EndProject
Project("{FAE04EC0-301F-11D3-BF4B-00C04F79EFBC}") = "Net47FrameworkConsole", "Net47FrameworkConsole\Net47FrameworkConsole.csproj", "{5CC21DB4-E8B6-4540-8E58-6D1337BA99BC}"
EndProject
Global
	GlobalSection(SolutionConfigurationPlatforms) = preSolution
		Debug|Any CPU = Debug|Any CPU
		Debug|ARM = Debug|ARM
		Debug|x64 = Debug|x64
		Debug|x86 = Debug|x86
		Release|Any CPU = Release|Any CPU
		Release|ARM = Release|ARM
		Release|x64 = Release|x64
		Release|x86 = Release|x86
	EndGlobalSection
	GlobalSection(ProjectConfigurationPlatforms) = postSolution
		{CF28110A-EF13-494A-829D-3699C8DE4602}.Debug|Any CPU.ActiveCfg = Debug|Any CPU
		{CF28110A-EF13-494A-829D-3699C8DE4602}.Debug|Any CPU.Build.0 = Debug|Any CPU
		{CF28110A-EF13-494A-829D-3699C8DE4602}.Debug|ARM.ActiveCfg = Debug|Any CPU
		{CF28110A-EF13-494A-829D-3699C8DE4602}.Debug|ARM.Build.0 = Debug|Any CPU
		{CF28110A-EF13-494A-829D-3699C8DE4602}.Debug|x64.ActiveCfg = Debug|Any CPU
		{CF28110A-EF13-494A-829D-3699C8DE4602}.Debug|x64.Build.0 = Debug|Any CPU
		{CF28110A-EF13-494A-829D-3699C8DE4602}.Debug|x86.ActiveCfg = Debug|Any CPU
		{CF28110A-EF13-494A-829D-3699C8DE4602}.Debug|x86.Build.0 = Debug|Any CPU
		{CF28110A-EF13-494A-829D-3699C8DE4602}.Release|Any CPU.ActiveCfg = Release|Any CPU
		{CF28110A-EF13-494A-829D-3699C8DE4602}.Release|Any CPU.Build.0 = Release|Any CPU
		{CF28110A-EF13-494A-829D-3699C8DE4602}.Release|ARM.ActiveCfg = Release|Any CPU
		{CF28110A-EF13-494A-829D-3699C8DE4602}.Release|ARM.Build.0 = Release|Any CPU
		{CF28110A-EF13-494A-829D-3699C8DE4602}.Release|x64.ActiveCfg = Release|Any CPU
		{CF28110A-EF13-494A-829D-3699C8DE4602}.Release|x64.Build.0 = Release|Any CPU
		{CF28110A-EF13-494A-829D-3699C8DE4602}.Release|x86.ActiveCfg = Release|Any CPU
		{CF28110A-EF13-494A-829D-3699C8DE4602}.Release|x86.Build.0 = Release|Any CPU
		{879FB14E-EB40-463D-A0E3-5690091FC2F2}.Debug|Any CPU.ActiveCfg = Debug|Any CPU
		{879FB14E-EB40-463D-A0E3-5690091FC2F2}.Debug|Any CPU.Build.0 = Debug|Any CPU
		{879FB14E-EB40-463D-A0E3-5690091FC2F2}.Debug|ARM.ActiveCfg = Debug|Any CPU
		{879FB14E-EB40-463D-A0E3-5690091FC2F2}.Debug|ARM.Build.0 = Debug|Any CPU
		{879FB14E-EB40-463D-A0E3-5690091FC2F2}.Debug|x64.ActiveCfg = Debug|Any CPU
		{879FB14E-EB40-463D-A0E3-5690091FC2F2}.Debug|x64.Build.0 = Debug|Any CPU
		{879FB14E-EB40-463D-A0E3-5690091FC2F2}.Debug|x86.ActiveCfg = Debug|Any CPU
		{879FB14E-EB40-463D-A0E3-5690091FC2F2}.Debug|x86.Build.0 = Debug|Any CPU
		{879FB14E-EB40-463D-A0E3-5690091FC2F2}.Release|Any CPU.ActiveCfg = Release|Any CPU
		{879FB14E-EB40-463D-A0E3-5690091FC2F2}.Release|Any CPU.Build.0 = Release|Any CPU
		{879FB14E-EB40-463D-A0E3-5690091FC2F2}.Release|ARM.ActiveCfg = Release|Any CPU
		{879FB14E-EB40-463D-A0E3-5690091FC2F2}.Release|ARM.Build.0 = Release|Any CPU
		{879FB14E-EB40-463D-A0E3-5690091FC2F2}.Release|x64.ActiveCfg = Release|Any CPU
		{879FB14E-EB40-463D-A0E3-5690091FC2F2}.Release|x64.Build.0 = Release|Any CPU
		{879FB14E-EB40-463D-A0E3-5690091FC2F2}.Release|x86.ActiveCfg = Release|Any CPU
		{879FB14E-EB40-463D-A0E3-5690091FC2F2}.Release|x86.Build.0 = Release|Any CPU
		{F2617DC4-BC8D-40B2-B1FA-8689B5FDFC72}.Debug|Any CPU.ActiveCfg = Debug|Any CPU
		{F2617DC4-BC8D-40B2-B1FA-8689B5FDFC72}.Debug|Any CPU.Build.0 = Debug|Any CPU
		{F2617DC4-BC8D-40B2-B1FA-8689B5FDFC72}.Debug|ARM.ActiveCfg = Debug|Any CPU
		{F2617DC4-BC8D-40B2-B1FA-8689B5FDFC72}.Debug|ARM.Build.0 = Debug|Any CPU
		{F2617DC4-BC8D-40B2-B1FA-8689B5FDFC72}.Debug|x64.ActiveCfg = Debug|Any CPU
		{F2617DC4-BC8D-40B2-B1FA-8689B5FDFC72}.Debug|x64.Build.0 = Debug|Any CPU
		{F2617DC4-BC8D-40B2-B1FA-8689B5FDFC72}.Debug|x86.ActiveCfg = Debug|Any CPU
		{F2617DC4-BC8D-40B2-B1FA-8689B5FDFC72}.Debug|x86.Build.0 = Debug|Any CPU
		{F2617DC4-BC8D-40B2-B1FA-8689B5FDFC72}.Release|Any CPU.ActiveCfg = Release|Any CPU
		{F2617DC4-BC8D-40B2-B1FA-8689B5FDFC72}.Release|Any CPU.Build.0 = Release|Any CPU
		{F2617DC4-BC8D-40B2-B1FA-8689B5FDFC72}.Release|ARM.ActiveCfg = Release|Any CPU
		{F2617DC4-BC8D-40B2-B1FA-8689B5FDFC72}.Release|ARM.Build.0 = Release|Any CPU
		{F2617DC4-BC8D-40B2-B1FA-8689B5FDFC72}.Release|x64.ActiveCfg = Release|Any CPU
		{F2617DC4-BC8D-40B2-B1FA-8689B5FDFC72}.Release|x64.Build.0 = Release|Any CPU
		{F2617DC4-BC8D-40B2-B1FA-8689B5FDFC72}.Release|x86.ActiveCfg = Release|Any CPU
		{F2617DC4-BC8D-40B2-B1FA-8689B5FDFC72}.Release|x86.Build.0 = Release|Any CPU
		{9B94F219-248E-47AE-A3F9-25F7E447C4AB}.Debug|Any CPU.ActiveCfg = Debug|Any CPU
		{9B94F219-248E-47AE-A3F9-25F7E447C4AB}.Debug|Any CPU.Build.0 = Debug|Any CPU
		{9B94F219-248E-47AE-A3F9-25F7E447C4AB}.Debug|ARM.ActiveCfg = Debug|Any CPU
		{9B94F219-248E-47AE-A3F9-25F7E447C4AB}.Debug|ARM.Build.0 = Debug|Any CPU
		{9B94F219-248E-47AE-A3F9-25F7E447C4AB}.Debug|x64.ActiveCfg = Debug|Any CPU
		{9B94F219-248E-47AE-A3F9-25F7E447C4AB}.Debug|x64.Build.0 = Debug|Any CPU
		{9B94F219-248E-47AE-A3F9-25F7E447C4AB}.Debug|x86.ActiveCfg = Debug|Any CPU
		{9B94F219-248E-47AE-A3F9-25F7E447C4AB}.Debug|x86.Build.0 = Debug|Any CPU
		{9B94F219-248E-47AE-A3F9-25F7E447C4AB}.Release|Any CPU.ActiveCfg = Release|Any CPU
		{9B94F219-248E-47AE-A3F9-25F7E447C4AB}.Release|Any CPU.Build.0 = Release|Any CPU
		{9B94F219-248E-47AE-A3F9-25F7E447C4AB}.Release|ARM.ActiveCfg = Release|Any CPU
		{9B94F219-248E-47AE-A3F9-25F7E447C4AB}.Release|ARM.Build.0 = Release|Any CPU
		{9B94F219-248E-47AE-A3F9-25F7E447C4AB}.Release|x64.ActiveCfg = Release|Any CPU
		{9B94F219-248E-47AE-A3F9-25F7E447C4AB}.Release|x64.Build.0 = Release|Any CPU
		{9B94F219-248E-47AE-A3F9-25F7E447C4AB}.Release|x86.ActiveCfg = Release|Any CPU
		{9B94F219-248E-47AE-A3F9-25F7E447C4AB}.Release|x86.Build.0 = Release|Any CPU
		{8AA73417-8973-4881-94F7-C4B6528DE8C2}.Debug|Any CPU.ActiveCfg = Debug|Any CPU
		{8AA73417-8973-4881-94F7-C4B6528DE8C2}.Debug|Any CPU.Build.0 = Debug|Any CPU
		{8AA73417-8973-4881-94F7-C4B6528DE8C2}.Debug|ARM.ActiveCfg = Debug|Any CPU
		{8AA73417-8973-4881-94F7-C4B6528DE8C2}.Debug|ARM.Build.0 = Debug|Any CPU
		{8AA73417-8973-4881-94F7-C4B6528DE8C2}.Debug|x64.ActiveCfg = Debug|Any CPU
		{8AA73417-8973-4881-94F7-C4B6528DE8C2}.Debug|x64.Build.0 = Debug|Any CPU
		{8AA73417-8973-4881-94F7-C4B6528DE8C2}.Debug|x86.ActiveCfg = Debug|Any CPU
		{8AA73417-8973-4881-94F7-C4B6528DE8C2}.Debug|x86.Build.0 = Debug|Any CPU
		{8AA73417-8973-4881-94F7-C4B6528DE8C2}.Release|Any CPU.ActiveCfg = Release|Any CPU
		{8AA73417-8973-4881-94F7-C4B6528DE8C2}.Release|Any CPU.Build.0 = Release|Any CPU
		{8AA73417-8973-4881-94F7-C4B6528DE8C2}.Release|ARM.ActiveCfg = Release|Any CPU
		{8AA73417-8973-4881-94F7-C4B6528DE8C2}.Release|ARM.Build.0 = Release|Any CPU
		{8AA73417-8973-4881-94F7-C4B6528DE8C2}.Release|x64.ActiveCfg = Release|Any CPU
		{8AA73417-8973-4881-94F7-C4B6528DE8C2}.Release|x64.Build.0 = Release|Any CPU
		{8AA73417-8973-4881-94F7-C4B6528DE8C2}.Release|x86.ActiveCfg = Release|Any CPU
		{8AA73417-8973-4881-94F7-C4B6528DE8C2}.Release|x86.Build.0 = Release|Any CPU
		{21E36981-7D59-4D39-93C0-CF35B69BC4A3}.Debug|Any CPU.ActiveCfg = Debug|Any CPU
		{21E36981-7D59-4D39-93C0-CF35B69BC4A3}.Debug|Any CPU.Build.0 = Debug|Any CPU
		{21E36981-7D59-4D39-93C0-CF35B69BC4A3}.Debug|ARM.ActiveCfg = Debug|Any CPU
		{21E36981-7D59-4D39-93C0-CF35B69BC4A3}.Debug|ARM.Build.0 = Debug|Any CPU
		{21E36981-7D59-4D39-93C0-CF35B69BC4A3}.Debug|x64.ActiveCfg = Debug|Any CPU
		{21E36981-7D59-4D39-93C0-CF35B69BC4A3}.Debug|x64.Build.0 = Debug|Any CPU
		{21E36981-7D59-4D39-93C0-CF35B69BC4A3}.Debug|x86.ActiveCfg = Debug|Any CPU
		{21E36981-7D59-4D39-93C0-CF35B69BC4A3}.Debug|x86.Build.0 = Debug|Any CPU
		{21E36981-7D59-4D39-93C0-CF35B69BC4A3}.Release|Any CPU.ActiveCfg = Release|Any CPU
		{21E36981-7D59-4D39-93C0-CF35B69BC4A3}.Release|Any CPU.Build.0 = Release|Any CPU
		{21E36981-7D59-4D39-93C0-CF35B69BC4A3}.Release|ARM.ActiveCfg = Release|Any CPU
		{21E36981-7D59-4D39-93C0-CF35B69BC4A3}.Release|ARM.Build.0 = Release|Any CPU
		{21E36981-7D59-4D39-93C0-CF35B69BC4A3}.Release|x64.ActiveCfg = Release|Any CPU
		{21E36981-7D59-4D39-93C0-CF35B69BC4A3}.Release|x64.Build.0 = Release|Any CPU
		{21E36981-7D59-4D39-93C0-CF35B69BC4A3}.Release|x86.ActiveCfg = Release|Any CPU
		{21E36981-7D59-4D39-93C0-CF35B69BC4A3}.Release|x86.Build.0 = Release|Any CPU
		{7A6FA5D0-E680-4A75-996F-1041A9549081}.Debug|Any CPU.ActiveCfg = Debug|Any CPU
		{7A6FA5D0-E680-4A75-996F-1041A9549081}.Debug|Any CPU.Build.0 = Debug|Any CPU
		{7A6FA5D0-E680-4A75-996F-1041A9549081}.Debug|ARM.ActiveCfg = Debug|Any CPU
		{7A6FA5D0-E680-4A75-996F-1041A9549081}.Debug|ARM.Build.0 = Debug|Any CPU
		{7A6FA5D0-E680-4A75-996F-1041A9549081}.Debug|x64.ActiveCfg = Debug|Any CPU
		{7A6FA5D0-E680-4A75-996F-1041A9549081}.Debug|x64.Build.0 = Debug|Any CPU
		{7A6FA5D0-E680-4A75-996F-1041A9549081}.Debug|x86.ActiveCfg = Debug|Any CPU
		{7A6FA5D0-E680-4A75-996F-1041A9549081}.Debug|x86.Build.0 = Debug|Any CPU
		{7A6FA5D0-E680-4A75-996F-1041A9549081}.Release|Any CPU.ActiveCfg = Release|Any CPU
		{7A6FA5D0-E680-4A75-996F-1041A9549081}.Release|Any CPU.Build.0 = Release|Any CPU
		{7A6FA5D0-E680-4A75-996F-1041A9549081}.Release|ARM.ActiveCfg = Release|Any CPU
		{7A6FA5D0-E680-4A75-996F-1041A9549081}.Release|ARM.Build.0 = Release|Any CPU
		{7A6FA5D0-E680-4A75-996F-1041A9549081}.Release|x64.ActiveCfg = Release|Any CPU
		{7A6FA5D0-E680-4A75-996F-1041A9549081}.Release|x64.Build.0 = Release|Any CPU
		{7A6FA5D0-E680-4A75-996F-1041A9549081}.Release|x86.ActiveCfg = Release|Any CPU
		{7A6FA5D0-E680-4A75-996F-1041A9549081}.Release|x86.Build.0 = Release|Any CPU
		{7C83A361-0123-4BEC-9744-0B6057DD1B33}.Debug|Any CPU.ActiveCfg = Debug|Any CPU
		{7C83A361-0123-4BEC-9744-0B6057DD1B33}.Debug|Any CPU.Build.0 = Debug|Any CPU
		{7C83A361-0123-4BEC-9744-0B6057DD1B33}.Debug|ARM.ActiveCfg = Debug|Any CPU
		{7C83A361-0123-4BEC-9744-0B6057DD1B33}.Debug|ARM.Build.0 = Debug|Any CPU
		{7C83A361-0123-4BEC-9744-0B6057DD1B33}.Debug|x64.ActiveCfg = Debug|Any CPU
		{7C83A361-0123-4BEC-9744-0B6057DD1B33}.Debug|x64.Build.0 = Debug|Any CPU
		{7C83A361-0123-4BEC-9744-0B6057DD1B33}.Debug|x86.ActiveCfg = Debug|Any CPU
		{7C83A361-0123-4BEC-9744-0B6057DD1B33}.Debug|x86.Build.0 = Debug|Any CPU
		{7C83A361-0123-4BEC-9744-0B6057DD1B33}.Release|Any CPU.ActiveCfg = Release|Any CPU
		{7C83A361-0123-4BEC-9744-0B6057DD1B33}.Release|Any CPU.Build.0 = Release|Any CPU
		{7C83A361-0123-4BEC-9744-0B6057DD1B33}.Release|ARM.ActiveCfg = Release|Any CPU
		{7C83A361-0123-4BEC-9744-0B6057DD1B33}.Release|ARM.Build.0 = Release|Any CPU
		{7C83A361-0123-4BEC-9744-0B6057DD1B33}.Release|x64.ActiveCfg = Release|Any CPU
		{7C83A361-0123-4BEC-9744-0B6057DD1B33}.Release|x64.Build.0 = Release|Any CPU
		{7C83A361-0123-4BEC-9744-0B6057DD1B33}.Release|x86.ActiveCfg = Release|Any CPU
		{7C83A361-0123-4BEC-9744-0B6057DD1B33}.Release|x86.Build.0 = Release|Any CPU
		{F11A7E31-7B31-41D9-8E28-8BB319393B06}.Debug|Any CPU.ActiveCfg = Debug|Any CPU
		{F11A7E31-7B31-41D9-8E28-8BB319393B06}.Debug|Any CPU.Build.0 = Debug|Any CPU
		{F11A7E31-7B31-41D9-8E28-8BB319393B06}.Debug|ARM.ActiveCfg = Debug|Any CPU
		{F11A7E31-7B31-41D9-8E28-8BB319393B06}.Debug|ARM.Build.0 = Debug|Any CPU
		{F11A7E31-7B31-41D9-8E28-8BB319393B06}.Debug|x64.ActiveCfg = Debug|Any CPU
		{F11A7E31-7B31-41D9-8E28-8BB319393B06}.Debug|x64.Build.0 = Debug|Any CPU
		{F11A7E31-7B31-41D9-8E28-8BB319393B06}.Debug|x86.ActiveCfg = Debug|Any CPU
		{F11A7E31-7B31-41D9-8E28-8BB319393B06}.Debug|x86.Build.0 = Debug|Any CPU
		{F11A7E31-7B31-41D9-8E28-8BB319393B06}.Release|Any CPU.ActiveCfg = Release|Any CPU
		{F11A7E31-7B31-41D9-8E28-8BB319393B06}.Release|Any CPU.Build.0 = Release|Any CPU
		{F11A7E31-7B31-41D9-8E28-8BB319393B06}.Release|ARM.ActiveCfg = Release|Any CPU
		{F11A7E31-7B31-41D9-8E28-8BB319393B06}.Release|ARM.Build.0 = Release|Any CPU
		{F11A7E31-7B31-41D9-8E28-8BB319393B06}.Release|x64.ActiveCfg = Release|Any CPU
		{F11A7E31-7B31-41D9-8E28-8BB319393B06}.Release|x64.Build.0 = Release|Any CPU
		{F11A7E31-7B31-41D9-8E28-8BB319393B06}.Release|x86.ActiveCfg = Release|Any CPU
		{F11A7E31-7B31-41D9-8E28-8BB319393B06}.Release|x86.Build.0 = Release|Any CPU
		{24202DFE-23F6-4DB7-89FB-08E8C713D297}.Debug|Any CPU.ActiveCfg = Debug|x86
		{24202DFE-23F6-4DB7-89FB-08E8C713D297}.Debug|Any CPU.Build.0 = Debug|x86
		{24202DFE-23F6-4DB7-89FB-08E8C713D297}.Debug|Any CPU.Deploy.0 = Debug|x86
		{24202DFE-23F6-4DB7-89FB-08E8C713D297}.Debug|ARM.ActiveCfg = Debug|ARM
		{24202DFE-23F6-4DB7-89FB-08E8C713D297}.Debug|ARM.Build.0 = Debug|ARM
		{24202DFE-23F6-4DB7-89FB-08E8C713D297}.Debug|ARM.Deploy.0 = Debug|ARM
		{24202DFE-23F6-4DB7-89FB-08E8C713D297}.Debug|x64.ActiveCfg = Debug|x64
		{24202DFE-23F6-4DB7-89FB-08E8C713D297}.Debug|x64.Build.0 = Debug|x64
		{24202DFE-23F6-4DB7-89FB-08E8C713D297}.Debug|x64.Deploy.0 = Debug|x64
		{24202DFE-23F6-4DB7-89FB-08E8C713D297}.Debug|x86.ActiveCfg = Debug|x86
		{24202DFE-23F6-4DB7-89FB-08E8C713D297}.Debug|x86.Build.0 = Debug|x86
		{24202DFE-23F6-4DB7-89FB-08E8C713D297}.Debug|x86.Deploy.0 = Debug|x86
		{24202DFE-23F6-4DB7-89FB-08E8C713D297}.Release|Any CPU.ActiveCfg = Release|x86
		{24202DFE-23F6-4DB7-89FB-08E8C713D297}.Release|ARM.ActiveCfg = Release|ARM
		{24202DFE-23F6-4DB7-89FB-08E8C713D297}.Release|ARM.Build.0 = Release|ARM
		{24202DFE-23F6-4DB7-89FB-08E8C713D297}.Release|ARM.Deploy.0 = Release|ARM
		{24202DFE-23F6-4DB7-89FB-08E8C713D297}.Release|x64.ActiveCfg = Release|x64
		{24202DFE-23F6-4DB7-89FB-08E8C713D297}.Release|x64.Build.0 = Release|x64
		{24202DFE-23F6-4DB7-89FB-08E8C713D297}.Release|x64.Deploy.0 = Release|x64
		{24202DFE-23F6-4DB7-89FB-08E8C713D297}.Release|x86.ActiveCfg = Release|x86
		{24202DFE-23F6-4DB7-89FB-08E8C713D297}.Release|x86.Build.0 = Release|x86
		{24202DFE-23F6-4DB7-89FB-08E8C713D297}.Release|x86.Deploy.0 = Release|x86
		{5CC21DB4-E8B6-4540-8E58-6D1337BA99BC}.Debug|Any CPU.ActiveCfg = Debug|Any CPU
		{5CC21DB4-E8B6-4540-8E58-6D1337BA99BC}.Debug|Any CPU.Build.0 = Debug|Any CPU
		{5CC21DB4-E8B6-4540-8E58-6D1337BA99BC}.Debug|ARM.ActiveCfg = Debug|Any CPU
		{5CC21DB4-E8B6-4540-8E58-6D1337BA99BC}.Debug|ARM.Build.0 = Debug|Any CPU
		{5CC21DB4-E8B6-4540-8E58-6D1337BA99BC}.Debug|x64.ActiveCfg = Debug|Any CPU
		{5CC21DB4-E8B6-4540-8E58-6D1337BA99BC}.Debug|x64.Build.0 = Debug|Any CPU
		{5CC21DB4-E8B6-4540-8E58-6D1337BA99BC}.Debug|x86.ActiveCfg = Debug|Any CPU
		{5CC21DB4-E8B6-4540-8E58-6D1337BA99BC}.Debug|x86.Build.0 = Debug|Any CPU
		{5CC21DB4-E8B6-4540-8E58-6D1337BA99BC}.Release|Any CPU.ActiveCfg = Release|Any CPU
		{5CC21DB4-E8B6-4540-8E58-6D1337BA99BC}.Release|Any CPU.Build.0 = Release|Any CPU
		{5CC21DB4-E8B6-4540-8E58-6D1337BA99BC}.Release|ARM.ActiveCfg = Release|Any CPU
		{5CC21DB4-E8B6-4540-8E58-6D1337BA99BC}.Release|ARM.Build.0 = Release|Any CPU
		{5CC21DB4-E8B6-4540-8E58-6D1337BA99BC}.Release|x64.ActiveCfg = Release|Any CPU
		{5CC21DB4-E8B6-4540-8E58-6D1337BA99BC}.Release|x64.Build.0 = Release|Any CPU
		{5CC21DB4-E8B6-4540-8E58-6D1337BA99BC}.Release|x86.ActiveCfg = Release|Any CPU
		{5CC21DB4-E8B6-4540-8E58-6D1337BA99BC}.Release|x86.Build.0 = Release|Any CPU
	EndGlobalSection
	GlobalSection(SolutionProperties) = preSolution
		HideSolutionNode = FALSE
	EndGlobalSection
	GlobalSection(ExtensibilityGlobals) = postSolution
		SolutionGuid = {B6F58976-5D3C-4011-AC96-6A64A99717A0}
	EndGlobalSection
EndGlobal
